<?xml version="1.0" encoding="utf-8"?>
<Project ToolsVersion="4.0" xmlns="http://schemas.microsoft.com/developer/msbuild/2003">
  <ItemGroup>
    <Filter Include="Source Files">
      <UniqueIdentifier>{4FC737F1-C7A5-4376-A066-2A32D752A2FF}</UniqueIdentifier>
      <Extensions>cpp;c;cc;cxx;def;odl;idl;hpj;bat;asm;asmx</Extensions>
    </Filter>
    <Filter Include="Header Files">
      <UniqueIdentifier>{93995380-89BD-4b04-88EB-625FBE52EBFB}</UniqueIdentifier>
      <Extensions>h;hh;hpp;hxx;hm;inl;inc;ipp;xsd</Extensions>
    </Filter>
    <Filter Include="Resource Files">
      <UniqueIdentifier>{67DA6AB6-F800-4c08-8B7A-83BB121AAD01}</UniqueIdentifier>
      <Extensions>rc;ico;cur;bmp;dlg;rc2;rct;bin;rgs;gif;jpg;jpeg;jpe;resx;tiff;tif;png;wav;mfcribbon-ms</Extensions>
    </Filter>
    <Filter Include="Allocator">
      <UniqueIdentifier>{946d6b3b-06de-4a9d-abaa-61d2a4589502}</UniqueIdentifier>
    </Filter>
    <Filter Include="Port">
      <UniqueIdentifier>{1453ac55-1ec7-4109-a698-4cd8fd50992b}</UniqueIdentifier>
    </Filter>
    <Filter Include="Examples">
      <UniqueIdentifier>{6b423674-7572-454e-97f9-7aed1ba85dfe}</UniqueIdentifier>
    </Filter>
  </ItemGroup>
  <ItemGroup>
    <ClInclude Include="..\..\Allocator\fb_allocator.h">
      <Filter>Allocator</Filter>
    </ClInclude>
    <ClInclude Include="..\..\Allocator\x_allocator.h">
      <Filter>Allocator</Filter>
    </ClInclude>
    <ClInclude Include="..\..\Port\DataTypes.h">
      <Filter>Port</Filter>
    </ClInclude>
    <ClInclude Include="..\..\Port\Fault.h">
      <Filter>Port</Filter>
    </ClInclude>
    <ClInclude Include="..\..\stdafx.h">
      <Filter>Header Files</Filter>
    </ClInclude>
    <ClInclude Include="..\..\targetver.h">
      <Filter>Header Files</Filter>
    </ClInclude>
    <ClInclude Include="..\..\Port\LockGuard.h">
      <Filter>Port</Filter>
    </ClInclude>
    <ClInclude Include="..\..\Examples\my_allocator.h">
      <Filter>Examples</Filter>
    </ClInclude>
  </ItemGroup>
  <ItemGroup>
    <ClCompile Include="..\..\Allocator\fb_allocator.c">
      <Filter>Allocator</Filter>
    </ClCompile>
    <ClCompile Include="..\..\Allocator\x_allocator.c">
      <Filter>Allocator</Filter>
    </ClCompile>
    <ClCompile Include="..\..\Port\Fault.cpp">
      <Filter>Port</Filter>
    </ClCompile>
    <ClCompile Include="..\..\main.cpp">
      <Filter>Source Files</Filter>
    </ClCompile>
    <ClCompile Include="..\..\stdafx.cpp">
      <Filter>Source Files</Filter>
    </ClCompile>
    <ClCompile Include="..\..\Port\LockGuard.cpp">
      <Filter>Port</Filter>
    </ClCompile>
    <ClCompile Include="..\..\Examples\my_allocator.c">
      <Filter>Examples</Filter>
    </ClCompile>
  </ItemGroup>
</Project>